
Microsoft Visual Studio Solution File, Format Version 12.00
# Visual Studio 14
VisualStudioVersion = 14.0.25123.0
MinimumVisualStudioVersion = 10.0.40219.1
Project("{2150E333-8FDC-42A3-9474-1A3956D46DE8}") = "Engine", "Engine", "{4CE7BD4C-6FCB-4038-ACE5-649FB5F09328}"
EndProject
Project("{2150E333-8FDC-42A3-9474-1A3956D46DE8}") = "Games", "Games", "{D7FD799A-33EB-40FA-8DAB-2A5487738C7D}"
EndProject
Project("{8BC9CEB8-8B4A-11D0-8D11-00A0C91BC942}") = "UE4", "Intermediate\ProjectFiles\UE4.vcxproj", "{B149C8CE-2C63-4301-ADA3-BCB248FFDAB2}"
EndProject
Project("{8BC9CEB8-8B4A-11D0-8D11-00A0C91BC942}") = "Paraglider", "Intermediate\ProjectFiles\Paraglider.vcxproj", "{99298341-5F26-4821-B19D-A83B1002342A}"
EndProject
Global
	GlobalSection(SolutionConfigurationPlatforms) = preSolution
		DebugGame Editor|Win32 = DebugGame Editor|Win32
		DebugGame Editor|Win64 = DebugGame Editor|Win64
		DebugGame|Win32 = DebugGame|Win32
		DebugGame|Win64 = DebugGame|Win64
		Development Editor|Win32 = Development Editor|Win32
		Development Editor|Win64 = Development Editor|Win64
		Development|Win32 = Development|Win32
		Development|Win64 = Development|Win64
		Shipping|Win32 = Shipping|Win32
		Shipping|Win64 = Shipping|Win64
	EndGlobalSection
	GlobalSection(ProjectConfigurationPlatforms) = postSolution
		{B149C8CE-2C63-4301-ADA3-BCB248FFDAB2}.DebugGame Editor|Win32.ActiveCfg = BuiltWithUnrealBuildTool|Win32
		{B149C8CE-2C63-4301-ADA3-BCB248FFDAB2}.DebugGame Editor|Win32.Build.0 = BuiltWithUnrealBuildTool|Win32
		{B149C8CE-2C63-4301-ADA3-BCB248FFDAB2}.DebugGame Editor|Win64.ActiveCfg = BuiltWithUnrealBuildTool|Win32
		{B149C8CE-2C63-4301-ADA3-BCB248FFDAB2}.DebugGame Editor|Win64.Build.0 = BuiltWithUnrealBuildTool|Win32
		{B149C8CE-2C63-4301-ADA3-BCB248FFDAB2}.DebugGame|Win32.ActiveCfg = BuiltWithUnrealBuildTool|Win32
		{B149C8CE-2C63-4301-ADA3-BCB248FFDAB2}.DebugGame|Win32.Build.0 = BuiltWithUnrealBuildTool|Win32
		{B149C8CE-2C63-4301-ADA3-BCB248FFDAB2}.DebugGame|Win64.ActiveCfg = BuiltWithUnrealBuildTool|Win32
		{B149C8CE-2C63-4301-ADA3-BCB248FFDAB2}.DebugGame|Win64.Build.0 = BuiltWithUnrealBuildTool|Win32
		{B149C8CE-2C63-4301-ADA3-BCB248FFDAB2}.Development Editor|Win32.ActiveCfg = BuiltWithUnrealBuildTool|Win32
		{B149C8CE-2C63-4301-ADA3-BCB248FFDAB2}.Development Editor|Win32.Build.0 = BuiltWithUnrealBuildTool|Win32
		{B149C8CE-2C63-4301-ADA3-BCB248FFDAB2}.Development Editor|Win64.ActiveCfg = BuiltWithUnrealBuildTool|Win32
		{B149C8CE-2C63-4301-ADA3-BCB248FFDAB2}.Development Editor|Win64.Build.0 = BuiltWithUnrealBuildTool|Win32
		{B149C8CE-2C63-4301-ADA3-BCB248FFDAB2}.Development|Win32.ActiveCfg = BuiltWithUnrealBuildTool|Win32
		{B149C8CE-2C63-4301-ADA3-BCB248FFDAB2}.Development|Win32.Build.0 = BuiltWithUnrealBuildTool|Win32
		{B149C8CE-2C63-4301-ADA3-BCB248FFDAB2}.Development|Win64.ActiveCfg = BuiltWithUnrealBuildTool|Win32
		{B149C8CE-2C63-4301-ADA3-BCB248FFDAB2}.Development|Win64.Build.0 = BuiltWithUnrealBuildTool|Win32
		{B149C8CE-2C63-4301-ADA3-BCB248FFDAB2}.Shipping|Win32.ActiveCfg = BuiltWithUnrealBuildTool|Win32
		{B149C8CE-2C63-4301-ADA3-BCB248FFDAB2}.Shipping|Win32.Build.0 = BuiltWithUnrealBuildTool|Win32
		{B149C8CE-2C63-4301-ADA3-BCB248FFDAB2}.Shipping|Win64.ActiveCfg = BuiltWithUnrealBuildTool|Win32
		{B149C8CE-2C63-4301-ADA3-BCB248FFDAB2}.Shipping|Win64.Build.0 = BuiltWithUnrealBuildTool|Win32
		{99298341-5F26-4821-B19D-A83B1002342A}.DebugGame Editor|Win32.ActiveCfg = DebugGame_Editor|Win32
		{99298341-5F26-4821-B19D-A83B1002342A}.DebugGame Editor|Win32.Build.0 = DebugGame_Editor|Win32
		{99298341-5F26-4821-B19D-A83B1002342A}.DebugGame Editor|Win64.ActiveCfg = DebugGame_Editor|x64
		{99298341-5F26-4821-B19D-A83B1002342A}.DebugGame Editor|Win64.Build.0 = DebugGame_Editor|x64
		{99298341-5F26-4821-B19D-A83B1002342A}.DebugGame|Win32.ActiveCfg = DebugGame_Game|Win32
		{99298341-5F26-4821-B19D-A83B1002342A}.DebugGame|Win32.Build.0 = DebugGame_Game|Win32
		{99298341-5F26-4821-B19D-A83B1002342A}.DebugGame|Win64.ActiveCfg = DebugGame_Game|x64
		{99298341-5F26-4821-B19D-A83B1002342A}.DebugGame|Win64.Build.0 = DebugGame_Game|x64
		{99298341-5F26-4821-B19D-A83B1002342A}.Development Editor|Win32.ActiveCfg = Development_Editor|Win32
		{99298341-5F26-4821-B19D-A83B1002342A}.Development Editor|Win32.Build.0 = Development_Editor|Win32
		{99298341-5F26-4821-B19D-A83B1002342A}.Development Editor|Win64.ActiveCfg = Development_Editor|x64
		{99298341-5F26-4821-B19D-A83B1002342A}.Development Editor|Win64.Build.0 = Development_Editor|x64
		{99298341-5F26-4821-B19D-A83B1002342A}.Development|Win32.ActiveCfg = Development_Game|Win32
		{99298341-5F26-4821-B19D-A83B1002342A}.Development|Win32.Build.0 = Development_Game|Win32
		{99298341-5F26-4821-B19D-A83B1002342A}.Development|Win64.ActiveCfg = Development_Game|x64
		{99298341-5F26-4821-B19D-A83B1002342A}.Development|Win64.Build.0 = Development_Game|x64
		{99298341-5F26-4821-B19D-A83B1002342A}.Shipping|Win32.ActiveCfg = Shipping_Game|Win32
		{99298341-5F26-4821-B19D-A83B1002342A}.Shipping|Win32.Build.0 = Shipping_Game|Win32
		{99298341-5F26-4821-B19D-A83B1002342A}.Shipping|Win64.ActiveCfg = Shipping_Game|x64
		{99298341-5F26-4821-B19D-A83B1002342A}.Shipping|Win64.Build.0 = Shipping_Game|x64
	EndGlobalSection
	GlobalSection(SolutionProperties) = preSolution
		HideSolutionNode = FALSE
	EndGlobalSection
	GlobalSection(NestedProjects) = preSolution
		{B149C8CE-2C63-4301-ADA3-BCB248FFDAB2} = {4CE7BD4C-6FCB-4038-ACE5-649FB5F09328}
		{99298341-5F26-4821-B19D-A83B1002342A} = {D7FD799A-33EB-40FA-8DAB-2A5487738C7D}
	EndGlobalSection
EndGlobal
